{
  "name": "react-merge",
  "version": "1.0.0",
  "lockfileVersion": 1,
  "requires": true,
  "dependencies": {
    "is-fns": {
      "version": "1.0.0",
      "resolved": "https://registry.npmjs.org/is-fns/-/is-fns-1.0.0.tgz",
      "integrity": "sha512-oLRSb99yJ/45Oe5msNWGJtaVva0y8Y4kjs2+c/w/VqqfFxBLY+wOkJoqSojp6f1tHJnZXWT5cs/v42VW2IJWjQ=="
    },
    "objects-fns": {
      "version": "1.0.1",
      "resolved": "https://registry.npmjs.org/objects-fns/-/objects-fns-1.0.1.tgz",
      "integrity": "sha512-2AdPy+I0T3XoPFlAIX5w+tBGJD1CApT8OSk12Eh5qt1vNLNLdM8Xxfyycf2KBbm/YPt0q+uo1XI8RFCTS7rWQA=="
    }
  }
}
